// !$*UTF8*$!
{
	archiveVersion = 1;
	classes = {
	};
	objectVersion = 50;
	objects = {

/* Begin PBXBuildFile section */
		6C30B5EE24722245006FB35B /* AppDelegate.swift in Sources */ = {isa = PBXBuildFile; fileRef = 6C30B5ED24722245006FB35B /* AppDelegate.swift */; };
		6C30B5F024722245006FB35B /* Document.swift in Sources */ = {isa = PBXBuildFile; fileRef = 6C30B5EF24722245006FB35B /* Document.swift */; };
		6C30B5F224722245006FB35B /* ContentView.swift in Sources */ = {isa = PBXBuildFile; fileRef = 6C30B5F124722245006FB35B /* ContentView.swift */; };
		6C30B5F424722246006FB35B /* Assets.xcassets in Resources */ = {isa = PBXBuildFile; fileRef = 6C30B5F324722246006FB35B /* Assets.xcassets */; };
		6C30B5F724722246006FB35B /* Preview Assets.xcassets in Resources */ = {isa = PBXBuildFile; fileRef = 6C30B5F624722246006FB35B /* Preview Assets.xcassets */; };
		6C30B5FA24722246006FB35B /* Main.storyboard in Resources */ = {isa = PBXBuildFile; fileRef = 6C30B5F824722246006FB35B /* Main.storyboard */; };
		6C30B60624722246006FB35B /* irraTests.swift in Sources */ = {isa = PBXBuildFile; fileRef = 6C30B60524722246006FB35B /* irraTests.swift */; };
		6C30B61124722246006FB35B /* irraUITests.swift in Sources */ = {isa = PBXBuildFile; fileRef = 6C30B61024722246006FB35B /* irraUITests.swift */; };
/* End PBXBuildFile section */

/* Begin PBXContainerItemProxy section */
		6C30B60224722246006FB35B /* PBXContainerItemProxy */ = {
			isa = PBXContainerItemProxy;
			containerPortal = 6C30B5E224722245006FB35B /* Project object */;
			proxyType = 1;
			remoteGlobalIDString = 6C30B5E924722245006FB35B;
			remoteInfo = irra;
		};
		6C30B60D24722246006FB35B /* PBXContainerItemProxy */ = {
			isa = PBXContainerItemProxy;
			containerPortal = 6C30B5E224722245006FB35B /* Project object */;
			proxyType = 1;
			remoteGlobalIDString = 6C30B5E924722245006FB35B;
			remoteInfo = irra;
		};
/* End PBXContainerItemProxy section */

/* Begin PBXFileReference section */
		6C30B5EA24722245006FB35B /* irra.app */ = {isa = PBXFileReference; explicitFileType = wrapper.application; includeInIndex = 0; path = irra.app; sourceTree = BUILT_PRODUCTS_DIR; };
		6C30B5ED24722245006FB35B /* AppDelegate.swift */ = {isa = PBXFileReference; lastKnownFileType = sourcecode.swift; path = AppDelegate.swift; sourceTree = "<group>"; };
		6C30B5EF24722245006FB35B /* Document.swift */ = {isa = PBXFileReference; lastKnownFileType = sourcecode.swift; path = Document.swift; sourceTree = "<group>"; };
		6C30B5F124722245006FB35B /* ContentView.swift */ = {isa = PBXFileReference; lastKnownFileType = sourcecode.swift; path = ContentView.swift; sourceTree = "<group>"; };
		6C30B5F324722246006FB35B /* Assets.xcassets */ = {isa = PBXFileReference; lastKnownFileType = folder.assetcatalog; path = Assets.xcassets; sourceTree = "<group>"; };
		6C30B5F624722246006FB35B /* Preview Assets.xcassets */ = {isa = PBXFileReference; lastKnownFileType = folder.assetcatalog; path = "Preview Assets.xcassets"; sourceTree = "<group>"; };
		6C30B5F924722246006FB35B /* Base */ = {isa = PBXFileReference; lastKnownFileType = file.storyboard; name = Base; path = Base.lproj/Main.storyboard; sourceTree = "<group>"; };
		6C30B5FB24722246006FB35B /* Info.plist */ = {isa = PBXFileReference; lastKnownFileType = text.plist.xml; path = Info.plist; sourceTree = "<group>"; };
		6C30B5FC24722246006FB35B /* irra.entitlements */ = {isa = PBXFileReference; lastKnownFileType = text.plist.entitlements; path = irra.entitlements; sourceTree = "<group>"; };
		6C30B60124722246006FB35B /* irraTests.xctest */ = {isa = PBXFileReference; explicitFileType = wrapper.cfbundle; includeInIndex = 0; path = irraTests.xctest; sourceTree = BUILT_PRODUCTS_DIR; };
		6C30B60524722246006FB35B /* irraTests.swift */ = {isa = PBXFileReference; lastKnownFileType = sourcecode.swift; path = irraTests.swift; sourceTree = "<group>"; };
		6C30B60724722246006FB35B /* Info.plist */ = {isa = PBXFileReference; lastKnownFileType = text.plist.xml; path = Info.plist; sourceTree = "<group>"; };
		6C30B60C24722246006FB35B /* irraUITests.xctest */ = {isa = PBXFileReference; explicitFileType = wrapper.cfbundle; includeInIndex = 0; path = irraUITests.xctest; sourceTree = BUILT_PRODUCTS_DIR; };
		6C30B61024722246006FB35B /* irraUITests.swift */ = {isa = PBXFileReference; lastKnownFileType = sourcecode.swift; path = irraUITests.swift; sourceTree = "<group>"; };
		6C30B61224722246006FB35B /* Info.plist */ = {isa = PBXFileReference; lastKnownFileType = text.plist.xml; path = Info.plist; sourceTree = "<group>"; };
/* End PBXFileReference section */

/* Begin PBXFrameworksBuildPhase section */
		6C30B5E724722245006FB35B /* Frameworks */ = {
			isa = PBXFrameworksBuildPhase;
			buildActionMask = 2147483647;
			files = (
			);
			runOnlyForDeploymentPostprocessing = 0;
		};
		6C30B5FE24722246006FB35B /* Frameworks */ = {
			isa = PBXFrameworksBuildPhase;
			buildActionMask = 2147483647;
			files = (
			);
			runOnlyForDeploymentPostprocessing = 0;
		};
		6C30B60924722246006FB35B /* Frameworks */ = {
			isa = PBXFrameworksBuildPhase;
			buildActionMask = 2147483647;
			files = (
			);
			runOnlyForDeploymentPostprocessing = 0;
		};
/* End PBXFrameworksBuildPhase section */

/* Begin PBXGroup section */
		6C30B5E124722245006FB35B = {
			isa = PBXGroup;
			children = (
				6C30B5EC24722245006FB35B /* irra */,
				6C30B60424722246006FB35B /* irraTests */,
				6C30B60F24722246006FB35B /* irraUITests */,
				6C30B5EB24722245006FB35B /* Products */,
			);
			sourceTree = "<group>";
		};
		6C30B5EB24722245006FB35B /* Products */ = {
			isa = PBXGroup;
			children = (
				6C30B5EA24722245006FB35B /* irra.app */,
				6C30B60124722246006FB35B /* irraTests.xctest */,
				6C30B60C24722246006FB35B /* irraUITests.xctest */,
			);
			name = Products;
			sourceTree = "<group>";
		};
		6C30B5EC24722245006FB35B /* irra */ = {
			isa = PBXGroup;
			children = (
				6C30B5ED24722245006FB35B /* AppDelegate.swift */,
				6C30B5EF24722245006FB35B /* Document.swift */,
				6C30B5F124722245006FB35B /* ContentView.swift */,
				6C30B5F324722246006FB35B /* Assets.xcassets */,
				6C30B5F824722246006FB35B /* Main.storyboard */,
				6C30B5FB24722246006FB35B /* Info.plist */,
				6C30B5FC24722246006FB35B /* irra.entitlements */,
				6C30B5F524722246006FB35B /* Preview Content */,
			);
			path = irra;
			sourceTree = "<group>";
		};
		6C30B5F524722246006FB35B /* Preview Content */ = {
			isa = PBXGroup;
			children = (
				6C30B5F624722246006FB35B /* Preview Assets.xcassets */,
			);
			path = "Preview Content";
			sourceTree = "<group>";
		};
		6C30B60424722246006FB35B /* irraTests */ = {
			isa = PBXGroup;
			children = (
				6C30B60524722246006FB35B /* irraTests.swift */,
				6C30B60724722246006FB35B /* Info.plist */,
			);
			path = irraTests;
			sourceTree = "<group>";
		};
		6C30B60F24722246006FB35B /* irraUITests */ = {
			isa = PBXGroup;
			children = (
				6C30B61024722246006FB35B /* irraUITests.swift */,
				6C30B61224722246006FB35B /* Info.plist */,
			);
			path = irraUITests;
			sourceTree = "<group>";
		};
/* End PBXGroup section */

/* Begin PBXNativeTarget section */
		6C30B5E924722245006FB35B /* irra */ = {
			isa = PBXNativeTarget;
			buildConfigurationList = 6C30B61524722246006FB35B /* Build configuration list for PBXNativeTarget "irra" */;
			buildPhases = (
				6C30B5E624722245006FB35B /* Sources */,
				6C30B5E724722245006FB35B /* Frameworks */,
				6C30B5E824722245006FB35B /* Resources */,
			);
			buildRules = (
			);
			dependencies = (
			);
			name = irra;
			productName = irra;
			productReference = 6C30B5EA24722245006FB35B /* irra.app */;
			productType = "com.apple.product-type.application";
		};
		6C30B60024722246006FB35B /* irraTests */ = {
			isa = PBXNativeTarget;
			buildConfigurationList = 6C30B61824722246006FB35B /* Build configuration list for PBXNativeTarget "irraTests" */;
			buildPhases = (
				6C30B5FD24722246006FB35B /* Sources */,
				6C30B5FE24722246006FB35B /* Frameworks */,
				6C30B5FF24722246006FB35B /* Resources */,
			);
			buildRules = (
			);
			dependencies = (
				6C30B60324722246006FB35B /* PBXTargetDependency */,
			);
			name = irraTests;
			productName = irraTests;
			productReference = 6C30B60124722246006FB35B /* irraTests.xctest */;
			productType = "com.apple.product-type.bundle.unit-test";
		};
		6C30B60B24722246006FB35B /* irraUITests */ = {
			isa = PBXNativeTarget;
			buildConfigurationList = 6C30B61B24722246006FB35B /* Build configuration list for PBXNativeTarget "irraUITests" */;
			buildPhases = (
				6C30B60824722246006FB35B /* Sources */,
				6C30B60924722246006FB35B /* Frameworks */,
				6C30B60A24722246006FB35B /* Resources */,
			);
			buildRules = (
			);
			dependencies = (
				6C30B60E24722246006FB35B /* PBXTargetDependency */,
			);
			name = irraUITests;
			productName = irraUITests;
			productReference = 6C30B60C24722246006FB35B /* irraUITests.xctest */;
			productType = "com.apple.product-type.bundle.ui-testing";
		};
/* End PBXNativeTarget section */

/* Begin PBXProject section */
		6C30B5E224722245006FB35B /* Project object */ = {
			isa = PBXProject;
			attributes = {
				LastSwiftUpdateCheck = 1150;
				LastUpgradeCheck = 1150;
				ORGANIZATIONNAME = "唐正雄";
				TargetAttributes = {
					6C30B5E924722245006FB35B = {
						CreatedOnToolsVersion = 11.5;
					};
					6C30B60024722246006FB35B = {
						CreatedOnToolsVersion = 11.5;
						TestTargetID = 6C30B5E924722245006FB35B;
					};
					6C30B60B24722246006FB35B = {
						CreatedOnToolsVersion = 11.5;
						TestTargetID = 6C30B5E924722245006FB35B;
					};
				};
			};
			buildConfigurationList = 6C30B5E524722245006FB35B /* Build configuration list for PBXProject "irra" */;
			compatibilityVersion = "Xcode 9.3";
			developmentRegion = en;
			hasScannedForEncodings = 0;
			knownRegions = (
				en,
				Base,
			);
			mainGroup = 6C30B5E124722245006FB35B;
			productRefGroup = 6C30B5EB24722245006FB35B /* Products */;
			projectDirPath = "";
			projectRoot = "";
			targets = (
				6C30B5E924722245006FB35B /* irra */,
				6C30B60024722246006FB35B /* irraTests */,
				6C30B60B24722246006FB35B /* irraUITests */,
			);
		};
/* End PBXProject section */

/* Begin PBXResourcesBuildPhase section */
		6C30B5E824722245006FB35B /* Resources */ = {
			isa = PBXResourcesBuildPhase;
			buildActionMask = 2147483647;
			files = (
				6C30B5FA24722246006FB35B /* Main.storyboard in Resources */,
				6C30B5F724722246006FB35B /* Preview Assets.xcassets in Resources */,
				6C30B5F424722246006FB35B /* Assets.xcassets in Resources */,
			);
			runOnlyForDeploymentPostprocessing = 0;
		};
		6C30B5FF24722246006FB35B /* Resources */ = {
			isa = PBXResourcesBuildPhase;
			buildActionMask = 2147483647;
			files = (
			);
			runOnlyForDeploymentPostprocessing = 0;
		};
		6C30B60A24722246006FB35B /* Resources */ = {
			isa = PBXResourcesBuildPhase;
			buildActionMask = 2147483647;
			files = (
			);
			runOnlyForDeploymentPostprocessing = 0;
		};
/* End PBXResourcesBuildPhase section */

/* Begin PBXSourcesBuildPhase section */
		6C30B5E624722245006FB35B /* Sources */ = {
			isa = PBXSourcesBuildPhase;
			buildActionMask = 2147483647;
			files = (
				6C30B5F024722245006FB35B /* Document.swift in Sources */,
				6C30B5EE24722245006FB35B /* AppDelegate.swift in Sources */,
				6C30B5F224722245006FB35B /* ContentView.swift in Sources */,
			);
			runOnlyForDeploymentPostprocessing = 0;
		};
		6C30B5FD24722246006FB35B /* Sources */ = {
			isa = PBXSourcesBuildPhase;
			buildActionMask = 2147483647;
			files = (
				6C30B60624722246006FB35B /* irraTests.swift in Sources */,
			);
			runOnlyForDeploymentPostprocessing = 0;
		};
		6C30B60824722246006FB35B /* Sources */ = {
			isa = PBXSourcesBuildPhase;
			buildActionMask = 2147483647;
			files = (
				6C30B61124722246006FB35B /* irraUITests.swift in Sources */,
			);
			runOnlyForDeploymentPostprocessing = 0;
		};
/* End PBXSourcesBuildPhase section */

/* Begin PBXTargetDependency section */
		6C30B60324722246006FB35B /* PBXTargetDependency */ = {
			isa = PBXTargetDependency;
			target = 6C30B5E924722245006FB35B /* irra */;
			targetProxy = 6C30B60224722246006FB35B /* PBXContainerItemProxy */;
		};
		6C30B60E24722246006FB35B /* PBXTargetDependency */ = {
			isa = PBXTargetDependency;
			target = 6C30B5E924722245006FB35B /* irra */;
			targetProxy = 6C30B60D24722246006FB35B /* PBXContainerItemProxy */;
		};
/* End PBXTargetDependency section */

/* Begin PBXVariantGroup section */
		6C30B5F824722246006FB35B /* Main.storyboard */ = {
			isa = PBXVariantGroup;
			children = (
				6C30B5F924722246006FB35B /* Base */,
			);
			name = Main.storyboard;
			sourceTree = "<group>";
		};
/* End PBXVariantGroup section */

/* Begin XCBuildConfiguration section */
		6C30B61324722246006FB35B /* Debug */ = {
			isa = XCBuildConfiguration;
			buildSettings = {
				ALWAYS_SEARCH_USER_PATHS = NO;
				CLANG_ANALYZER_NONNULL = YES;
				CLANG_ANALYZER_NUMBER_OBJECT_CONVERSION = YES_AGGRESSIVE;
				CLANG_CXX_LANGUAGE_STANDARD = "gnu++14";
				CLANG_CXX_LIBRARY = "libc++";
				CLANG_ENABLE_MODULES = YES;
				CLANG_ENABLE_OBJC_ARC = YES;
				CLANG_ENABLE_OBJC_WEAK = YES;
				CLANG_WARN_BLOCK_CAPTURE_AUTORELEASING = YES;
				CLANG_WARN_BOOL_CONVERSION = YES;
				CLANG_WARN_COMMA = YES;
				CLANG_WARN_CONSTANT_CONVERSION = YES;
				CLANG_WARN_DEPRECATED_OBJC_IMPLEMENTATIONS = YES;
				CLANG_WARN_DIRECT_OBJC_ISA_USAGE = YES_ERROR;
				CLANG_WARN_DOCUMENTATION_COMMENTS = YES;
				CLANG_WARN_EMPTY_BODY = YES;
				CLANG_WARN_ENUM_CONVERSION = YES;
				CLANG_WARN_INFINITE_RECURSION = YES;
				CLANG_WARN_INT_CONVERSION = YES;
				CLANG_WARN_NON_LITERAL_NULL_CONVERSION = YES;
				CLANG_WARN_OBJC_IMPLICIT_RETAIN_SELF = YES;
				CLANG_WARN_OBJC_LITERAL_CONVERSION = YES;
				CLANG_WARN_OBJC_ROOT_CLASS = YES_ERROR;
				CLANG_WARN_RANGE_LOOP_ANALYSIS = YES;
				CLANG_WARN_STRICT_PROTOTYPES = YES;
				CLANG_WARN_SUSPICIOUS_MOVE = YES;
				CLANG_WARN_UNGUARDED_AVAILABILITY = YES_AGGRESSIVE;
				CLANG_WARN_UNREACHABLE_CODE = YES;
				CLANG_WARN__DUPLICATE_METHOD_MATCH = YES;
				COPY_PHASE_STRIP = NO;
				DEBUG_INFORMATION_FORMAT = dwarf;
				ENABLE_STRICT_OBJC_MSGSEND = YES;
				ENABLE_TESTABILITY = YES;
				GCC_C_LANGUAGE_STANDARD = gnu11;
				GCC_DYNAMIC_NO_PIC = NO;
				GCC_NO_COMMON_BLOCKS = YES;
				GCC_OPTIMIZATION_LEVEL = 0;
				GCC_PREPROCESSOR_DEFINITIONS = (
					"DEBUG=1",
					"$(inherited)",
				);
				GCC_WARN_64_TO_32_BIT_CONVERSION = YES;
				GCC_WARN_ABOUT_RETURN_TYPE = YES_ERROR;
				GCC_WARN_UNDECLARED_SELECTOR = YES;
				GCC_WARN_UNINITIALIZED_AUTOS = YES_AGGRESSIVE;
				GCC_WARN_UNUSED_FUNCTION = YES;
				GCC_WARN_UNUSED_VARIABLE = YES;
				MACOSX_DEPLOYMENT_TARGET = 10.15;
				MTL_ENABLE_DEBUG_INFO = INCLUDE_SOURCE;
				MTL_FAST_MATH = YES;
				ONLY_ACTIVE_ARCH = YES;
				SDKROOT = macosx;
				SWIFT_ACTIVE_COMPILATION_CONDITIONS = DEBUG;
				SWIFT_OPTIMIZATION_LEVEL = "-Onone";
			};
			name = Debug;
		};
		6C30B61424722246006FB35B /* Release */ = {
			isa = XCBuildConfiguration;
			buildSettings = {
				ALWAYS_SEARCH_USER_PATHS = NO;
				CLANG_ANALYZER_NONNULL = YES;
				CLANG_ANALYZER_NUMBER_OBJECT_CONVERSION = YES_AGGRESSIVE;
				CLANG_CXX_LANGUAGE_STANDARD = "gnu++14";
				CLANG_CXX_LIBRARY = "libc++";
				CLANG_ENABLE_MODULES = YES;
				CLANG_ENABLE_OBJC_ARC = YES;
				CLANG_ENABLE_OBJC_WEAK = YES;
				CLANG_WARN_BLOCK_CAPTURE_AUTORELEASING = YES;
				CLANG_WARN_BOOL_CONVERSION = YES;
				CLANG_WARN_COMMA = YES;
				CLANG_WARN_CONSTANT_CONVERSION = YES;
				CLANG_WARN_DEPRECATED_OBJC_IMPLEMENTATIONS = YES;
				CLANG_WARN_DIRECT_OBJC_ISA_USAGE = YES_ERROR;
				CLANG_WARN_DOCUMENTATION_COMMENTS = YES;
				CLANG_WARN_EMPTY_BODY = YES;
				CLANG_WARN_ENUM_CONVERSION = YES;
				CLANG_WARN_INFINITE_RECURSION = YES;
				CLANG_WARN_INT_CONVERSION = YES;
				CLANG_WARN_NON_LITERAL_NULL_CONVERSION = YES;
				CLANG_WARN_OBJC_IMPLICIT_RETAIN_SELF = YES;
				CLANG_WARN_OBJC_LITERAL_CONVERSION = YES;
				CLANG_WARN_OBJC_ROOT_CLASS = YES_ERROR;
				CLANG_WARN_RANGE_LOOP_ANALYSIS = YES;
				CLANG_WARN_STRICT_PROTOTYPES = YES;
				CLANG_WARN_SUSPICIOUS_MOVE = YES;
				CLANG_WARN_UNGUARDED_AVAILABILITY = YES_AGGRESSIVE;
				CLANG_WARN_UNREACHABLE_CODE = YES;
				CLANG_WARN__DUPLICATE_METHOD_MATCH = YES;
				COPY_PHASE_STRIP = NO;
				DEBUG_INFORMATION_FORMAT = "dwarf-with-dsym";
				ENABLE_NS_ASSERTIONS = NO;
				ENABLE_STRICT_OBJC_MSGSEND = YES;
				GCC_C_LANGUAGE_STANDARD = gnu11;
				GCC_NO_COMMON_BLOCKS = YES;
				GCC_WARN_64_TO_32_BIT_CONVERSION = YES;
				GCC_WARN_ABOUT_RETURN_TYPE = YES_ERROR;
				GCC_WARN_UNDECLARED_SELECTOR = YES;
				GCC_WARN_UNINITIALIZED_AUTOS = YES_AGGRESSIVE;
				GCC_WARN_UNUSED_FUNCTION = YES;
				GCC_WARN_UNUSED_VARIABLE = YES;
				MACOSX_DEPLOYMENT_TARGET = 10.15;
				MTL_ENABLE_DEBUG_INFO = NO;
				MTL_FAST_MATH = YES;
				SDKROOT = macosx;
				SWIFT_COMPILATION_MODE = wholemodule;
				SWIFT_OPTIMIZATION_LEVEL = "-O";
			};
			name = Release;
		};
		6C30B61624722246006FB35B /* Debug */ = {
			isa = XCBuildConfiguration;
			buildSettings = {
				ASSETCATALOG_COMPILER_APPICON_NAME = AppIcon;
				CODE_SIGN_ENTITLEMENTS = irra/irra.entitlements;
				CODE_SIGN_STYLE = Automatic;
				COMBINE_HIDPI_IMAGES = YES;
				DEVELOPMENT_ASSET_PATHS = "\"irra/Preview Content\"";
				DEVELOPMENT_TEAM = 5PJCNDWHKD;
				ENABLE_HARDENED_RUNTIME = YES;
				ENABLE_PREVIEWS = YES;
				INFOPLIST_FILE = irra/Info.plist;
				LD_RUNPATH_SEARCH_PATHS = (
					"$(inherited)",
					"@executable_path/../Frameworks",
				);
				MACOSX_DEPLOYMENT_TARGET = 10.15;
				PRODUCT_BUNDLE_IDENTIFIER = abelce.irra;
				PRODUCT_NAME = "$(TARGET_NAME)";
				SWIFT_VERSION = 5.0;
			};
			name = Debug;
		};
		6C30B61724722246006FB35B /* Release */ = {
			isa = XCBuildConfiguration;
			buildSettings = {
				ASSETCATALOG_COMPILER_APPICON_NAME = AppIcon;
				CODE_SIGN_ENTITLEMENTS = irra/irra.entitlements;
				CODE_SIGN_STYLE = Automatic;
				COMBINE_HIDPI_IMAGES = YES;
				DEVELOPMENT_ASSET_PATHS = "\"irra/Preview Content\"";
				DEVELOPMENT_TEAM = 5PJCNDWHKD;
				ENABLE_HARDENED_RUNTIME = YES;
				ENABLE_PREVIEWS = YES;
				INFOPLIST_FILE = irra/Info.plist;
				LD_RUNPATH_SEARCH_PATHS = (
					"$(inherited)",
					"@executable_path/../Frameworks",
				);
				MACOSX_DEPLOYMENT_TARGET = 10.15;
				PRODUCT_BUNDLE_IDENTIFIER = abelce.irra;
				PRODUCT_NAME = "$(TARGET_NAME)";
				SWIFT_VERSION = 5.0;
			};
			name = Release;
		};
		6C30B61924722246006FB35B /* Debug */ = {
			isa = XCBuildConfiguration;
			buildSettings = {
				ALWAYS_EMBED_SWIFT_STANDARD_LIBRARIES = YES;
				BUNDLE_LOADER = "$(TEST_HOST)";
				CODE_SIGN_STYLE = Automatic;
				COMBINE_HIDPI_IMAGES = YES;
				DEVELOPMENT_TEAM = 5PJCNDWHKD;
				INFOPLIST_FILE = irraTests/Info.plist;
				LD_RUNPATH_SEARCH_PATHS = (
					"$(inherited)",
					"@executable_path/../Frameworks",
					"@loader_path/../Frameworks",
				);
				MACOSX_DEPLOYMENT_TARGET = 10.15;
				PRODUCT_BUNDLE_IDENTIFIER = abelce.irraTests;
				PRODUCT_NAME = "$(TARGET_NAME)";
				SWIFT_VERSION = 5.0;
				TEST_HOST = "$(BUILT_PRODUCTS_DIR)/irra.app/Contents/MacOS/irra";
			};
			name = Debug;
		};
		6C30B61A24722246006FB35B /* Release */ = {
			isa = XCBuildConfiguration;
			buildSettings = {
				ALWAYS_EMBED_SWIFT_STANDARD_LIBRARIES = YES;
				BUNDLE_LOADER = "$(TEST_HOST)";
				CODE_SIGN_STYLE = Automatic;
				COMBINE_HIDPI_IMAGES = YES;
				DEVELOPMENT_TEAM = 5PJCNDWHKD;
				INFOPLIST_FILE = irraTests/Info.plist;
				LD_RUNPATH_SEARCH_PATHS = (
					"$(inherited)",
					"@executable_path/../Frameworks",
					"@loader_path/../Frameworks",
				);
				MACOSX_DEPLOYMENT_TARGET = 10.15;
				PRODUCT_BUNDLE_IDENTIFIER = abelce.irraTests;
				PRODUCT_NAME = "$(TARGET_NAME)";
				SWIFT_VERSION = 5.0;
				TEST_HOST = "$(BUILT_PRODUCTS_DIR)/irra.app/Contents/MacOS/irra";
			};
			name = Release;
		};
		6C30B61C24722246006FB35B /* Debug */ = {
			isa = XCBuildConfiguration;
			buildSettings = {
				ALWAYS_EMBED_SWIFT_STANDARD_LIBRARIES = YES;
				CODE_SIGN_STYLE = Automatic;
				COMBINE_HIDPI_IMAGES = YES;
				DEVELOPMENT_TEAM = 5PJCNDWHKD;
				INFOPLIST_FILE = irraUITests/Info.plist;
				LD_RUNPATH_SEARCH_PATHS = (
					"$(inherited)",
					"@executable_path/../Frameworks",
					"@loader_path/../Frameworks",
				);
				PRODUCT_BUNDLE_IDENTIFIER = abelce.irraUITests;
				PRODUCT_NAME = "$(TARGET_NAME)";
				SWIFT_VERSION = 5.0;
				TEST_TARGET_NAME = irra;
			};
			name = Debug;
		};
		6C30B61D24722246006FB35B /* Release */ = {
			isa = XCBuildConfiguration;
			buildSettings = {
				ALWAYS_EMBED_SWIFT_STANDARD_LIBRARIES = YES;
				CODE_SIGN_STYLE = Automatic;
				COMBINE_HIDPI_IMAGES = YES;
				DEVELOPMENT_TEAM = 5PJCNDWHKD;
				INFOPLIST_FILE = irraUITests/Info.plist;
				LD_RUNPATH_SEARCH_PATHS = (
					"$(inherited)",
					"@executable_path/../Frameworks",
					"@loader_path/../Frameworks",
				);
				PRODUCT_BUNDLE_IDENTIFIER = abelce.irraUITests;
				PRODUCT_NAME = "$(TARGET_NAME)";
				SWIFT_VERSION = 5.0;
				TEST_TARGET_NAME = irra;
			};
			name = Release;
		};
/* End XCBuildConfiguration section */

/* Begin XCConfigurationList section */
		6C30B5E524722245006FB35B /* Build configuration list for PBXProject "irra" */ = {
			isa = XCConfigurationList;
			buildConfigurations = (
				6C30B61324722246006FB35B /* Debug */,
				6C30B61424722246006FB35B /* Release */,
			);
			defaultConfigurationIsVisible = 0;
			defaultConfigurationName = Release;
		};
		6C30B61524722246006FB35B /* Build configuration list for PBXNativeTarget "irra" */ = {
			isa = XCConfigurationList;
			buildConfigurations = (
				6C30B61624722246006FB35B /* Debug */,
				6C30B61724722246006FB35B /* Release */,
			);
			defaultConfigurationIsVisible = 0;
			defaultConfigurationName = Release;
		};
		6C30B61824722246006FB35B /* Build configuration list for PBXNativeTarget "irraTests" */ = {
			isa = XCConfigurationList;
			buildConfigurations = (
				6C30B61924722246006FB35B /* Debug */,
				6C30B61A24722246006FB35B /* Release */,
			);
			defaultConfigurationIsVisible = 0;
			defaultConfigurationName = Release;
		};
		6C30B61B24722246006FB35B /* Build configuration list for PBXNativeTarget "irraUITests" */ = {
			isa = XCConfigurationList;
			buildConfigurations = (
				6C30B61C24722246006FB35B /* Debug */,
				6C30B61D24722246006FB35B /* Release */,
			);
			defaultConfigurationIsVisible = 0;
			defaultConfigurationName = Release;
		};
/* End XCConfigurationList section */
	};
	rootObject = 6C30B5E224722245006FB35B /* Project object */;
}
